
Microsoft Visual Studio Solution File, Format Version 12.00
# Visual Studio Version 16
VisualStudioVersion = 16.0.31515.178
MinimumVisualStudioVersion = 10.0.40219.1
Project("{FAE04EC0-301F-11D3-BF4B-00C04F79EFBC}") = "ReportIssue", "ReportIssue\ReportIssue.csproj", "{B9E9C284-08EA-490B-933B-97C41B74F240}"
EndProject
Project("{FAE04EC0-301F-11D3-BF4B-00C04F79EFBC}") = "ReportIssueUtilities", "ReportIssueUtilities\ReportIssueUtilities.csproj", "{378A822B-5558-4714-9082-69771F66097F}"
EndProject
Project("{FAE04EC0-301F-11D3-BF4B-00C04F79EFBC}") = "UnitTestProject", "UnitTestProject\UnitTestProject.csproj", "{FEA10F7C-BEEB-44E9-BFAC-00F3E231ED60}"
EndProject
Global
	GlobalSection(SolutionConfigurationPlatforms) = preSolution
		Debug|Any CPU = Debug|Any CPU
		Release|Any CPU = Release|Any CPU
	EndGlobalSection
	GlobalSection(ProjectConfigurationPlatforms) = postSolution
		{B9E9C284-08EA-490B-933B-97C41B74F240}.Debug|Any CPU.ActiveCfg = Debug|Any CPU
		{B9E9C284-08EA-490B-933B-97C41B74F240}.Debug|Any CPU.Build.0 = Debug|Any CPU
		{B9E9C284-08EA-490B-933B-97C41B74F240}.Release|Any CPU.ActiveCfg = Release|Any CPU
		{B9E9C284-08EA-490B-933B-97C41B74F240}.Release|Any CPU.Build.0 = Release|Any CPU
		{378A822B-5558-4714-9082-69771F66097F}.Debug|Any CPU.ActiveCfg = Debug|Any CPU
		{378A822B-5558-4714-9082-69771F66097F}.Debug|Any CPU.Build.0 = Debug|Any CPU
		{378A822B-5558-4714-9082-69771F66097F}.Release|Any CPU.ActiveCfg = Release|Any CPU
		{378A822B-5558-4714-9082-69771F66097F}.Release|Any CPU.Build.0 = Release|Any CPU
		{FEA10F7C-BEEB-44E9-BFAC-00F3E231ED60}.Debug|Any CPU.ActiveCfg = Debug|Any CPU
		{FEA10F7C-BEEB-44E9-BFAC-00F3E231ED60}.Debug|Any CPU.Build.0 = Debug|Any CPU
		{FEA10F7C-BEEB-44E9-BFAC-00F3E231ED60}.Release|Any CPU.ActiveCfg = Release|Any CPU
		{FEA10F7C-BEEB-44E9-BFAC-00F3E231ED60}.Release|Any CPU.Build.0 = Release|Any CPU
	EndGlobalSection
	GlobalSection(SolutionProperties) = preSolution
		HideSolutionNode = FALSE
	EndGlobalSection
	GlobalSection(ExtensibilityGlobals) = postSolution
		SolutionGuid = {AFA61FC4-0721-45EB-BB6F-7A48159583C2}
	EndGlobalSection
EndGlobal
